
Microsoft Visual Studio Solution File, Format Version 12.00
# Visual Studio 14
VisualStudioVersion = 14.0.24720.0
MinimumVisualStudioVersion = 10.0.40219.1
Project("{2150E333-8FDC-42A3-9474-1A3956D46DE8}") = "src", "src", "{BFC272AD-6189-4F81-8FBE-08ACE8B94565}"
EndProject
Project("{2150E333-8FDC-42A3-9474-1A3956D46DE8}") = "Solution Items", "Solution Items", "{2A1F0FE5-79FC-467A-A0CA-02CAF1ABA7BE}"
	ProjectSection(SolutionItems) = preProject
		global.json = global.json
	EndProjectSection
EndProject
Project("{8BB2217D-0F2D-49D1-97BC-3654ED321F3B}") = "Time2", "src\Time2\Time2.xproj", "{EC2D7459-097D-415A-9EA9-466F6EFCEDA3}"
EndProject
Global
	GlobalSection(SolutionConfigurationPlatforms) = preSolution
		Debug|Any CPU = Debug|Any CPU
		Release|Any CPU = Release|Any CPU
	EndGlobalSection
	GlobalSection(ProjectConfigurationPlatforms) = postSolution
		{EC2D7459-097D-415A-9EA9-466F6EFCEDA3}.Debug|Any CPU.ActiveCfg = Debug|Any CPU
		{EC2D7459-097D-415A-9EA9-466F6EFCEDA3}.Debug|Any CPU.Build.0 = Debug|Any CPU
		{EC2D7459-097D-415A-9EA9-466F6EFCEDA3}.Release|Any CPU.ActiveCfg = Release|Any CPU
		{EC2D7459-097D-415A-9EA9-466F6EFCEDA3}.Release|Any CPU.Build.0 = Release|Any CPU
	EndGlobalSection
	GlobalSection(SolutionProperties) = preSolution
		HideSolutionNode = FALSE
	EndGlobalSection
	GlobalSection(NestedProjects) = preSolution
		{EC2D7459-097D-415A-9EA9-466F6EFCEDA3} = {BFC272AD-6189-4F81-8FBE-08ACE8B94565}
	EndGlobalSection
EndGlobal
